Microsoft Visual Studio Solution File, Format Version 12.00
# Visual Studio Version 17
VisualStudioVersion = 17.5.2.0
MinimumVisualStudioVersion = 10.0.40219.1
Project("{2150E333-8FDC-42A3-9474-1A3956D46DE8}") = "helpdesk_project", "helpdesk_project", "{6F9F7B03-2089-E461-BDE8-30DFF199768A}"
EndProject
Project("{2150E333-8FDC-42A3-9474-1A3956D46DE8}") = "desktop_backend", "desktop_backend", "{67F8BE16-DC03-AF2E-4486-C9E65DED2242}"
EndProject
Project("{FAE04EC0-301F-11D3-BF4B-00C04F79EFBC}") = "HelpdeskApiFilter", "helpdesk_project\desktop_backend\HelpdeskApiFilter\HelpdeskApiFilter.csproj", "{512A1991-9B84-7CBE-14F0-07BC63407D9D}"
EndProject
Global
	GlobalSection(SolutionConfigurationPlatforms) = preSolution
		Debug|Any CPU = Debug|Any CPU
		Release|Any CPU = Release|Any CPU
	EndGlobalSection
	GlobalSection(ProjectConfigurationPlatforms) = postSolution
		{512A1991-9B84-7CBE-14F0-07BC63407D9D}.Debug|Any CPU.ActiveCfg = Debug|Any CPU
		{512A1991-9B84-7CBE-14F0-07BC63407D9D}.Debug|Any CPU.Build.0 = Debug|Any CPU
		{512A1991-9B84-7CBE-14F0-07BC63407D9D}.Release|Any CPU.ActiveCfg = Release|Any CPU
		{512A1991-9B84-7CBE-14F0-07BC63407D9D}.Release|Any CPU.Build.0 = Release|Any CPU
	EndGlobalSection
	GlobalSection(SolutionProperties) = preSolution
		HideSolutionNode = FALSE
	EndGlobalSection
	GlobalSection(NestedProjects) = preSolution
		{67F8BE16-DC03-AF2E-4486-C9E65DED2242} = {6F9F7B03-2089-E461-BDE8-30DFF199768A}
		{512A1991-9B84-7CBE-14F0-07BC63407D9D} = {67F8BE16-DC03-AF2E-4486-C9E65DED2242}
	EndGlobalSection
	GlobalSection(ExtensibilityGlobals) = postSolution
		SolutionGuid = {84D9103B-1B4E-4F85-B7AF-97181957AF70}
	EndGlobalSection
EndGlobal
